
Microsoft Visual Studio Solution File, Format Version 12.00
# Visual Studio Version 16
VisualStudioVersion = 16.0.31025.194
MinimumVisualStudioVersion = 10.0.40219.1
Project("{FAE04EC0-301F-11D3-BF4B-00C04F79EFBC}") = "FinalProject", "FinalProject\FinalProject.csproj", "{C477F568-0CB4-4600-A7CA-100DD853D600}"
EndProject
Global
	GlobalSection(SolutionConfigurationPlatforms) = preSolution
		Debug|Any CPU = Debug|Any CPU
		Release|Any CPU = Release|Any CPU
	EndGlobalSection
	GlobalSection(ProjectConfigurationPlatforms) = postSolution
		{C477F568-0CB4-4600-A7CA-100DD853D600}.Debug|Any CPU.ActiveCfg = Debug|Any CPU
		{C477F568-0CB4-4600-A7CA-100DD853D600}.Debug|Any CPU.Build.0 = Debug|Any CPU
		{C477F568-0CB4-4600-A7CA-100DD853D600}.Release|Any CPU.ActiveCfg = Release|Any CPU
		{C477F568-0CB4-4600-A7CA-100DD853D600}.Release|Any CPU.Build.0 = Release|Any CPU
	EndGlobalSection
	GlobalSection(SolutionProperties) = preSolution
		HideSolutionNode = FALSE
	EndGlobalSection
	GlobalSection(ExtensibilityGlobals) = postSolution
		SolutionGuid = {8E448413-D160-486B-9637-17E1226510B0}
	EndGlobalSection
EndGlobal
